
Microsoft Visual Studio Solution File, Format Version 12.00
# Visual Studio Version 17
VisualStudioVersion = 17.0.31903.59
MinimumVisualStudioVersion = 10.0.40219.1
Project("{FAE04EC0-301F-11D3-BF4B-00C04F79EFBC}") = "InuvanoLabs.Azure.Functions.FluentDurableTask", "InuvanoLabs.Azure.Functions.FluentDurableTask\InuvanoLabs.Azure.Functions.FluentDurableTask.csproj", "{A59DCD1B-F7E4-4A2B-A8EF-8C559F6277C9}"
EndProject
Project("{FAE04EC0-301F-11D3-BF4B-00C04F79EFBC}") = "Samples", "Samples\Samples.csproj", "{976CED9D-062E-45CE-9E8A-8853165D67D6}"
EndProject
Global
	GlobalSection(SolutionConfigurationPlatforms) = preSolution
		Debug|Any CPU = Debug|Any CPU
		Release|Any CPU = Release|Any CPU
	EndGlobalSection
	GlobalSection(ProjectConfigurationPlatforms) = postSolution
		{A59DCD1B-F7E4-4A2B-A8EF-8C559F6277C9}.Debug|Any CPU.ActiveCfg = Debug|Any CPU
		{A59DCD1B-F7E4-4A2B-A8EF-8C559F6277C9}.Debug|Any CPU.Build.0 = Debug|Any CPU
		{A59DCD1B-F7E4-4A2B-A8EF-8C559F6277C9}.Release|Any CPU.ActiveCfg = Release|Any CPU
		{A59DCD1B-F7E4-4A2B-A8EF-8C559F6277C9}.Release|Any CPU.Build.0 = Release|Any CPU
		{976CED9D-062E-45CE-9E8A-8853165D67D6}.Debug|Any CPU.ActiveCfg = Debug|Any CPU
		{976CED9D-062E-45CE-9E8A-8853165D67D6}.Debug|Any CPU.Build.0 = Debug|Any CPU
		{976CED9D-062E-45CE-9E8A-8853165D67D6}.Release|Any CPU.ActiveCfg = Release|Any CPU
		{976CED9D-062E-45CE-9E8A-8853165D67D6}.Release|Any CPU.Build.0 = Release|Any CPU
	EndGlobalSection
	GlobalSection(SolutionProperties) = preSolution
		HideSolutionNode = FALSE
	EndGlobalSection
	GlobalSection(ExtensibilityGlobals) = postSolution
		SolutionGuid = {C98FC41F-A357-4D6E-A184-490B3FACB0B9}
	EndGlobalSection
EndGlobal
